
Microsoft Visual Studio Solution File, Format Version 12.00
# Visual Studio Version 16
VisualStudioVersion = 16.0.29409.12
MinimumVisualStudioVersion = 10.0.40219.1
Project("{FAE04EC0-301F-11D3-BF4B-00C04F79EFBC}") = "SlimeRancherTwitchIntegration", "SlimeRancherTwitchIntegration\SlimeRancherTwitchIntegration.csproj", "{4E28CC6D-BCDC-42A1-A385-77AEDBE051A5}"
EndProject
Global
	GlobalSection(SolutionConfigurationPlatforms) = preSolution
		Debug|Any CPU = Debug|Any CPU
		Release|Any CPU = Release|Any CPU
	EndGlobalSection
	GlobalSection(ProjectConfigurationPlatforms) = postSolution
		{4E28CC6D-BCDC-42A1-A385-77AEDBE051A5}.Debug|Any CPU.ActiveCfg = Debug|Any CPU
		{4E28CC6D-BCDC-42A1-A385-77AEDBE051A5}.Debug|Any CPU.Build.0 = Debug|Any CPU
		{4E28CC6D-BCDC-42A1-A385-77AEDBE051A5}.Release|Any CPU.ActiveCfg = Release|Any CPU
		{4E28CC6D-BCDC-42A1-A385-77AEDBE051A5}.Release|Any CPU.Build.0 = Release|Any CPU
	EndGlobalSection
	GlobalSection(SolutionProperties) = preSolution
		HideSolutionNode = FALSE
	EndGlobalSection
	GlobalSection(ExtensibilityGlobals) = postSolution
		SolutionGuid = {18E9F95D-9BFA-480C-9036-02E9E95652F9}
	EndGlobalSection
EndGlobal
